PODS:
  - DebugRouter/Framework (5.0.11):
    - DebugRouter/Native
  - DebugRouter/MessageTransceiverEnable (5.0.11)
  - DebugRouter/Native (5.0.11):
    - DebugRouter/third_party
  - DebugRouter/third_party (5.0.11):
    - DebugRouter/third_party/jsoncpp (= 5.0.11)
  - DebugRouter/third_party/jsoncpp (5.0.11)

DEPENDENCIES:
  - DebugRouter/Framework (from `../../../`)
  - DebugRouter/MessageTransceiverEnable (from `../../../`)
  - DebugRouter/Native (from `../../../`)
  - DebugRouter/third_party (from `../../../`)

EXTERNAL SOURCES:
  DebugRouter:
    :path: "../../../"

SPEC CHECKSUMS:
  DebugRouter: c27fcdfee7a0a0e54a8215b1c7f262d2e78f290c

PODFILE CHECKSUM: 687a4d2578a15db938e619b1da87062723f6ab77

COCOAPODS: 1.10.1
