PODS:
  - DebugRouter (5.0.10):
    - DebugRouter/Framework (= 5.0.10)
    - DebugRouter/MessageTransceiverEnable (= 5.0.10)
    - DebugRouter/Native (= 5.0.10)
    - DebugRouter/third_party (= 5.0.10)
  - DebugRouter/Framework (5.0.10):
    - DebugRouter/Native
  - DebugRouter/MessageTransceiverEnable (5.0.10)
  - DebugRouter/Native (5.0.10):
    - DebugRouter/third_party
  - DebugRouter/third_party (5.0.10):
    - DebugRouter/third_party/jsoncpp (= 5.0.10)
  - DebugRouter/third_party/jsoncpp (5.0.10)

DEPENDENCIES:
  - DebugRouter (from `../../../`)

EXTERNAL SOURCES:
  DebugRouter:
    :path: "../../../"

SPEC CHECKSUMS:
  DebugRouter: 1c1e62ad5232823985cf0578c2fcda517898c3dd

PODFILE CHECKSUM: 453f33108fffde859263ad6670787b0438d93813

COCOAPODS: 1.10.1
