PODS:
  - DebugRouter (5.0.10):
    - DebugRouter/Framework (= 5.0.10)
    - DebugRouter/Native (= 5.0.10)
    - DebugRouter/third_party (= 5.0.10)
  - DebugRouter/Framework (5.0.10):
    - DebugRouter/Native
  - DebugRouter/Native (5.0.10):
    - DebugRouter/third_party
  - DebugRouter/third_party (5.0.10):
    - DebugRouter/third_party/jsoncpp (= 5.0.10)
  - DebugRouter/third_party/jsoncpp (5.0.10)

DEPENDENCIES:
  - DebugRouter (from `../../../`)

EXTERNAL SOURCES:
  DebugRouter:
    :path: "../../../"

SPEC CHECKSUMS:
  DebugRouter: bd96ce2f2e3150f5c49cfbd29b80b684705fa325

PODFILE CHECKSUM: 453f33108fffde859263ad6670787b0438d93813

COCOAPODS: 1.10.1
